// !$*UTF8*$!
{
	archiveVersion = 1;
	classes = {
	};
	objectVersion = 46;
	objects = {

/* Begin PBXBuildFile section */
		A7BD1B1216A6148700479672 /* UIKit.framework in Frameworks */ = {isa = PBXBuildFile; fileRef = A7BD1B1116A6148700479672 /* UIKit.framework */; };
		A7BD1B1416A6148700479672 /* Foundation.framework in Frameworks */ = {isa = PBXBuildFile; fileRef = A7BD1B1316A6148700479672 /* Foundation.framework */; };
		A7BD1B1616A6148700479672 /* CoreGraphics.framework in Frameworks */ = {isa = PBXBuildFile; fileRef = A7BD1B1516A6148700479672 /* CoreGraphics.framework */; };
		A7BD1B1C16A6148700479672 /* InfoPlist.strings in Resources */ = {isa = PBXBuildFile; fileRef = A7BD1B1A16A6148700479672 /* InfoPlist.strings */; };
		A7BD1B1E16A6148700479672 /* main.m in Sources */ = {isa = PBXBuildFile; fileRef = A7BD1B1D16A6148700479672 /* main.m */; };
		A7BD1B2216A6148700479672 /* CQLAppDelegate.m in Sources */ = {isa = PBXBuildFile; fileRef = A7BD1B2116A6148700479672 /* CQLAppDelegate.m */; };
		A7BD1B2516A6148700479672 /* MainStoryboard.storyboard in Resources */ = {isa = PBXBuildFile; fileRef = A7BD1B2316A6148700479672 /* MainStoryboard.storyboard */; };
		A7BD1B2816A6148700479672 /* CQLFirstViewController.m in Sources */ = {isa = PBXBuildFile; fileRef = A7BD1B2716A6148700479672 /* CQLFirstViewController.m */; };
		A7BD1B2A16A6148700479672 /* first.png in Resources */ = {isa = PBXBuildFile; fileRef = A7BD1B2916A6148700479672 /* first.png */; };
		A7BD1B2C16A6148700479672 /* first@2x.png in Resources */ = {isa = PBXBuildFile; fileRef = A7BD1B2B16A6148700479672 /* first@2x.png */; };
		A7BD1B2F16A6148700479672 /* CQLSecondViewController.m in Sources */ = {isa = PBXBuildFile; fileRef = A7BD1B2E16A6148700479672 /* CQLSecondViewController.m */; };
		A7BD1B3116A6148700479672 /* second.png in Resources */ = {isa = PBXBuildFile; fileRef = A7BD1B3016A6148700479672 /* second.png */; };
		A7BD1B3316A6148700479672 /* second@2x.png in Resources */ = {isa = PBXBuildFile; fileRef = A7BD1B3216A6148700479672 /* second@2x.png */; };
		A7BD1B3B16A6148800479672 /* SenTestingKit.framework in Frameworks */ = {isa = PBXBuildFile; fileRef = A7BD1B3A16A6148800479672 /* SenTestingKit.framework */; };
		A7BD1B3C16A6148800479672 /* UIKit.framework in Frameworks */ = {isa = PBXBuildFile; fileRef = A7BD1B1116A6148700479672 /* UIKit.framework */; };
		A7BD1B3D16A6148800479672 /* Foundation.framework in Frameworks */ = {isa = PBXBuildFile; fileRef = A7BD1B1316A6148700479672 /* Foundation.framework */; };
		A7BD1B4516A6148800479672 /* InfoPlist.strings in Resources */ = {isa = PBXBuildFile; fileRef = A7BD1B4316A6148800479672 /* InfoPlist.strings */; };
		A7BD1B4816A6148800479672 /* local_drive_buyTests.m in Sources */ = {isa = PBXBuildFile; fileRef = A7BD1B4716A6148800479672 /* local_drive_buyTests.m */; };
/* End PBXBuildFile section */

/* Begin PBXContainerItemProxy section */
		A7BD1B3E16A6148800479672 /* PBXContainerItemProxy */ = {
			isa = PBXContainerItemProxy;
			containerPortal = A7BD1B0416A6148700479672 /* Project object */;
			proxyType = 1;
			remoteGlobalIDString = A7BD1B0C16A6148700479672;
			remoteInfo = "local-drive-buy";
		};
/* End PBXContainerItemProxy section */

/* Begin PBXFileReference section */
		A7BD1B0D16A6148700479672 /* local-drive-buy.app */ = {isa = PBXFileReference; explicitFileType = wrapper.application; includeInIndex = 0; path = "local-drive-buy.app"; sourceTree = BUILT_PRODUCTS_DIR; };
		A7BD1B1116A6148700479672 /* UIKit.framework */ = {isa = PBXFileReference; lastKnownFileType = wrapper.framework; name = UIKit.framework; path = System/Library/Frameworks/UIKit.framework; sourceTree = SDKROOT; };
		A7BD1B1316A6148700479672 /* Foundation.framework */ = {isa = PBXFileReference; lastKnownFileType = wrapper.framework; name = Foundation.framework; path = System/Library/Frameworks/Foundation.framework; sourceTree = SDKROOT; };
		A7BD1B1516A6148700479672 /* CoreGraphics.framework */ = {isa = PBXFileReference; lastKnownFileType = wrapper.framework; name = CoreGraphics.framework; path = System/Library/Frameworks/CoreGraphics.framework; sourceTree = SDKROOT; };
		A7BD1B1916A6148700479672 /* local-drive-buy-Info.plist */ = {isa = PBXFileReference; lastKnownFileType = text.plist.xml; path = "local-drive-buy-Info.plist"; sourceTree = "<group>"; };
		A7BD1B1B16A6148700479672 /* en */ = {isa = PBXFileReference; lastKnownFileType = text.plist.strings; name = en; path = en.lproj/InfoPlist.strings; sourceTree = "<group>"; };
		A7BD1B1D16A6148700479672 /* main.m */ = {isa = PBXFileReference; lastKnownFileType = sourcecode.c.objc; path = main.m; sourceTree = "<group>"; };
		A7BD1B1F16A6148700479672 /* local-drive-buy-Prefix.pch */ = {isa = PBXFileReference; lastKnownFileType = sourcecode.c.h; path = "local-drive-buy-Prefix.pch"; sourceTree = "<group>"; };
		A7BD1B2016A6148700479672 /* CQLAppDelegate.h */ = {isa = PBXFileReference; lastKnownFileType = sourcecode.c.h; path = CQLAppDelegate.h; sourceTree = "<group>"; };
		A7BD1B2116A6148700479672 /* CQLAppDelegate.m */ = {isa = PBXFileReference; lastKnownFileType = sourcecode.c.objc; path = CQLAppDelegate.m; sourceTree = "<group>"; };
		A7BD1B2416A6148700479672 /* en */ = {isa = PBXFileReference; lastKnownFileType = file.storyboard; name = en; path = en.lproj/MainStoryboard.storyboard; sourceTree = "<group>"; };
		A7BD1B2616A6148700479672 /* CQLFirstViewController.h */ = {isa = PBXFileReference; lastKnownFileType = sourcecode.c.h; path = CQLFirstViewController.h; sourceTree = "<group>"; };
		A7BD1B2716A6148700479672 /* CQLFirstViewController.m */ = {isa = PBXFileReference; lastKnownFileType = sourcecode.c.objc; path = CQLFirstViewController.m; sourceTree = "<group>"; };
		A7BD1B2916A6148700479672 /* first.png */ = {isa = PBXFileReference; lastKnownFileType = image.png; path = first.png; sourceTree = "<group>"; };
		A7BD1B2B16A6148700479672 /* first@2x.png */ = {isa = PBXFileReference; lastKnownFileType = image.png; path = "first@2x.png"; sourceTree = "<group>"; };
		A7BD1B2D16A6148700479672 /* CQLSecondViewController.h */ = {isa = PBXFileReference; lastKnownFileType = sourcecode.c.h; path = CQLSecondViewController.h; sourceTree = "<group>"; };
		A7BD1B2E16A6148700479672 /* CQLSecondViewController.m */ = {isa = PBXFileReference; lastKnownFileType = sourcecode.c.objc; path = CQLSecondViewController.m; sourceTree = "<group>"; };
		A7BD1B3016A6148700479672 /* second.png */ = {isa = PBXFileReference; lastKnownFileType = image.png; path = second.png; sourceTree = "<group>"; };
		A7BD1B3216A6148700479672 /* second@2x.png */ = {isa = PBXFileReference; lastKnownFileType = image.png; path = "second@2x.png"; sourceTree = "<group>"; };
		A7BD1B3916A6148800479672 /* local-drive-buyTests.octest */ = {isa = PBXFileReference; explicitFileType = wrapper.cfbundle; includeInIndex = 0; path = "local-drive-buyTests.octest"; sourceTree = BUILT_PRODUCTS_DIR; };
		A7BD1B3A16A6148800479672 /* SenTestingKit.framework */ = {isa = PBXFileReference; lastKnownFileType = wrapper.framework; name = SenTestingKit.framework; path = Library/Frameworks/SenTestingKit.framework; sourceTree = DEVELOPER_DIR; };
		A7BD1B4216A6148800479672 /* local-drive-buyTests-Info.plist */ = {isa = PBXFileReference; lastKnownFileType = text.plist.xml; path = "local-drive-buyTests-Info.plist"; sourceTree = "<group>"; };
		A7BD1B4416A6148800479672 /* en */ = {isa = PBXFileReference; lastKnownFileType = text.plist.strings; name = en; path = en.lproj/InfoPlist.strings; sourceTree = "<group>"; };
		A7BD1B4616A6148800479672 /* local_drive_buyTests.h */ = {isa = PBXFileReference; lastKnownFileType = sourcecode.c.h; path = local_drive_buyTests.h; sourceTree = "<group>"; };
		A7BD1B4716A6148800479672 /* local_drive_buyTests.m */ = {isa = PBXFileReference; lastKnownFileType = sourcecode.c.objc; path = local_drive_buyTests.m; sourceTree = "<group>"; };
/* End PBXFileReference section */

/* Begin PBXFrameworksBuildPhase section */
		A7BD1B0A16A6148700479672 /* Frameworks */ = {
			isa = PBXFrameworksBuildPhase;
			buildActionMask = 2147483647;
			files = (
				A7BD1B1216A6148700479672 /* UIKit.framework in Frameworks */,
				A7BD1B1416A6148700479672 /* Foundation.framework in Frameworks */,
				A7BD1B1616A6148700479672 /* CoreGraphics.framework in Frameworks */,
			);
			runOnlyForDeploymentPostprocessing = 0;
		};
		A7BD1B3516A6148700479672 /* Frameworks */ = {
			isa = PBXFrameworksBuildPhase;
			buildActionMask = 2147483647;
			files = (
				A7BD1B3B16A6148800479672 /* SenTestingKit.framework in Frameworks */,
				A7BD1B3C16A6148800479672 /* UIKit.framework in Frameworks */,
				A7BD1B3D16A6148800479672 /* Foundation.framework in Frameworks */,
			);
			runOnlyForDeploymentPostprocessing = 0;
		};
/* End PBXFrameworksBuildPhase section */

/* Begin PBXGroup section */
		A7BD1B0216A6148700479672 = {
			isa = PBXGroup;
			children = (
				A7BD1B1716A6148700479672 /* local-drive-buy */,
				A7BD1B4016A6148800479672 /* local-drive-buyTests */,
				A7BD1B1016A6148700479672 /* Frameworks */,
				A7BD1B0E16A6148700479672 /* Products */,
			);
			sourceTree = "<group>";
		};
		A7BD1B0E16A6148700479672 /* Products */ = {
			isa = PBXGroup;
			children = (
				A7BD1B0D16A6148700479672 /* local-drive-buy.app */,
				A7BD1B3916A6148800479672 /* local-drive-buyTests.octest */,
			);
			name = Products;
			sourceTree = "<group>";
		};
		A7BD1B1016A6148700479672 /* Frameworks */ = {
			isa = PBXGroup;
			children = (
				A7BD1B1116A6148700479672 /* UIKit.framework */,
				A7BD1B1316A6148700479672 /* Foundation.framework */,
				A7BD1B1516A6148700479672 /* CoreGraphics.framework */,
				A7BD1B3A16A6148800479672 /* SenTestingKit.framework */,
			);
			name = Frameworks;
			sourceTree = "<group>";
		};
		A7BD1B1716A6148700479672 /* local-drive-buy */ = {
			isa = PBXGroup;
			children = (
				A7BD1B2016A6148700479672 /* CQLAppDelegate.h */,
				A7BD1B2116A6148700479672 /* CQLAppDelegate.m */,
				A7BD1B2316A6148700479672 /* MainStoryboard.storyboard */,
				A7BD1B2616A6148700479672 /* CQLFirstViewController.h */,
				A7BD1B2716A6148700479672 /* CQLFirstViewController.m */,
				A7BD1B2916A6148700479672 /* first.png */,
				A7BD1B2B16A6148700479672 /* first@2x.png */,
				A7BD1B2D16A6148700479672 /* CQLSecondViewController.h */,
				A7BD1B2E16A6148700479672 /* CQLSecondViewController.m */,
				A7BD1B3016A6148700479672 /* second.png */,
				A7BD1B3216A6148700479672 /* second@2x.png */,
				A7BD1B1816A6148700479672 /* Supporting Files */,
			);
			path = "local-drive-buy";
			sourceTree = "<group>";
		};
		A7BD1B1816A6148700479672 /* Supporting Files */ = {
			isa = PBXGroup;
			children = (
				A7BD1B1916A6148700479672 /* local-drive-buy-Info.plist */,
				A7BD1B1A16A6148700479672 /* InfoPlist.strings */,
				A7BD1B1D16A6148700479672 /* main.m */,
				A7BD1B1F16A6148700479672 /* local-drive-buy-Prefix.pch */,
			);
			name = "Supporting Files";
			sourceTree = "<group>";
		};
		A7BD1B4016A6148800479672 /* local-drive-buyTests */ = {
			isa = PBXGroup;
			children = (
				A7BD1B4616A6148800479672 /* local_drive_buyTests.h */,
				A7BD1B4716A6148800479672 /* local_drive_buyTests.m */,
				A7BD1B4116A6148800479672 /* Supporting Files */,
			);
			path = "local-drive-buyTests";
			sourceTree = "<group>";
		};
		A7BD1B4116A6148800479672 /* Supporting Files */ = {
			isa = PBXGroup;
			children = (
				A7BD1B4216A6148800479672 /* local-drive-buyTests-Info.plist */,
				A7BD1B4316A6148800479672 /* InfoPlist.strings */,
			);
			name = "Supporting Files";
			sourceTree = "<group>";
		};
/* End PBXGroup section */

/* Begin PBXNativeTarget section */
		A7BD1B0C16A6148700479672 /* local-drive-buy */ = {
			isa = PBXNativeTarget;
			buildConfigurationList = A7BD1B4B16A6148800479672 /* Build configuration list for PBXNativeTarget "local-drive-buy" */;
			buildPhases = (
				A7BD1B0916A6148700479672 /* Sources */,
				A7BD1B0A16A6148700479672 /* Frameworks */,
				A7BD1B0B16A6148700479672 /* Resources */,
			);
			buildRules = (
			);
			dependencies = (
			);
			name = "local-drive-buy";
			productName = "local-drive-buy";
			productReference = A7BD1B0D16A6148700479672 /* local-drive-buy.app */;
			productType = "com.apple.product-type.application";
		};
		A7BD1B3816A6148700479672 /* local-drive-buyTests */ = {
			isa = PBXNativeTarget;
			buildConfigurationList = A7BD1B4E16A6148800479672 /* Build configuration list for PBXNativeTarget "local-drive-buyTests" */;
			buildPhases = (
				A7BD1B3416A6148700479672 /* Sources */,
				A7BD1B3516A6148700479672 /* Frameworks */,
				A7BD1B3616A6148700479672 /* Resources */,
				A7BD1B3716A6148700479672 /* ShellScript */,
			);
			buildRules = (
			);
			dependencies = (
				A7BD1B3F16A6148800479672 /* PBXTargetDependency */,
			);
			name = "local-drive-buyTests";
			productName = "local-drive-buyTests";
			productReference = A7BD1B3916A6148800479672 /* local-drive-buyTests.octest */;
			productType = "com.apple.product-type.bundle";
		};
/* End PBXNativeTarget section */

/* Begin PBXProject section */
		A7BD1B0416A6148700479672 /* Project object */ = {
			isa = PBXProject;
			attributes = {
				CLASSPREFIX = CQL;
				LastUpgradeCheck = 0440;
				ORGANIZATIONNAME = "Ryan Abel";
			};
			buildConfigurationList = A7BD1B0716A6148700479672 /* Build configuration list for PBXProject "local-drive-buy" */;
			compatibilityVersion = "Xcode 3.2";
			developmentRegion = English;
			hasScannedForEncodings = 0;
			knownRegions = (
				en,
			);
			mainGroup = A7BD1B0216A6148700479672;
			productRefGroup = A7BD1B0E16A6148700479672 /* Products */;
			projectDirPath = "";
			projectRoot = "";
			targets = (
				A7BD1B0C16A6148700479672 /* local-drive-buy */,
				A7BD1B3816A6148700479672 /* local-drive-buyTests */,
			);
		};
/* End PBXProject section */

/* Begin PBXResourcesBuildPhase section */
		A7BD1B0B16A6148700479672 /* Resources */ = {
			isa = PBXResourcesBuildPhase;
			buildActionMask = 2147483647;
			files = (
				A7BD1B1C16A6148700479672 /* InfoPlist.strings in Resources */,
				A7BD1B2516A6148700479672 /* MainStoryboard.storyboard in Resources */,
				A7BD1B2A16A6148700479672 /* first.png in Resources */,
				A7BD1B2C16A6148700479672 /* first@2x.png in Resources */,
				A7BD1B3116A6148700479672 /* second.png in Resources */,
				A7BD1B3316A6148700479672 /* second@2x.png in Resources */,
			);
			runOnlyForDeploymentPostprocessing = 0;
		};
		A7BD1B3616A6148700479672 /* Resources */ = {
			isa = PBXResourcesBuildPhase;
			buildActionMask = 2147483647;
			files = (
				A7BD1B4516A6148800479672 /* InfoPlist.strings in Resources */,
			);
			runOnlyForDeploymentPostprocessing = 0;
		};
/* End PBXResourcesBuildPhase section */

/* Begin PBXShellScriptBuildPhase section */
		A7BD1B3716A6148700479672 /* ShellScript */ = {
			isa = PBXShellScriptBuildPhase;
			buildActionMask = 2147483647;
			files = (
			);
			inputPaths = (
			);
			outputPaths = (
			);
			runOnlyForDeploymentPostprocessing = 0;
			shellPath = /bin/sh;
			shellScript = "# Run the unit tests in this test bundle.\n\"${SYSTEM_DEVELOPER_DIR}/Tools/RunUnitTests\"\n";
		};
/* End PBXShellScriptBuildPhase section */

/* Begin PBXSourcesBuildPhase section */
		A7BD1B0916A6148700479672 /* Sources */ = {
			isa = PBXSourcesBuildPhase;
			buildActionMask = 2147483647;
			files = (
				A7BD1B1E16A6148700479672 /* main.m in Sources */,
				A7BD1B2216A6148700479672 /* CQLAppDelegate.m in Sources */,
				A7BD1B2816A6148700479672 /* CQLFirstViewController.m in Sources */,
				A7BD1B2F16A6148700479672 /* CQLSecondViewController.m in Sources */,
			);
			runOnlyForDeploymentPostprocessing = 0;
		};
		A7BD1B3416A6148700479672 /* Sources */ = {
			isa = PBXSourcesBuildPhase;
			buildActionMask = 2147483647;
			files = (
				A7BD1B4816A6148800479672 /* local_drive_buyTests.m in Sources */,
			);
			runOnlyForDeploymentPostprocessing = 0;
		};
/* End PBXSourcesBuildPhase section */

/* Begin PBXTargetDependency section */
		A7BD1B3F16A6148800479672 /* PBXTargetDependency */ = {
			isa = PBXTargetDependency;
			target = A7BD1B0C16A6148700479672 /* local-drive-buy */;
			targetProxy = A7BD1B3E16A6148800479672 /* PBXContainerItemProxy */;
		};
/* End PBXTargetDependency section */

/* Begin PBXVariantGroup section */
		A7BD1B1A16A6148700479672 /* InfoPlist.strings */ = {
			isa = PBXVariantGroup;
			children = (
				A7BD1B1B16A6148700479672 /* en */,
			);
			name = InfoPlist.strings;
			sourceTree = "<group>";
		};
		A7BD1B2316A6148700479672 /* MainStoryboard.storyboard */ = {
			isa = PBXVariantGroup;
			children = (
				A7BD1B2416A6148700479672 /* en */,
			);
			name = MainStoryboard.storyboard;
			sourceTree = "<group>";
		};
		A7BD1B4316A6148800479672 /* InfoPlist.strings */ = {
			isa = PBXVariantGroup;
			children = (
				A7BD1B4416A6148800479672 /* en */,
			);
			name = InfoPlist.strings;
			sourceTree = "<group>";
		};
/* End PBXVariantGroup section */

/* Begin XCBuildConfiguration section */
		A7BD1B4916A6148800479672 /* Debug */ = {
			isa = XCBuildConfiguration;
			buildSettings = {
				ALWAYS_SEARCH_USER_PATHS = NO;
				ARCHS = "$(ARCHS_STANDARD_32_BIT)";
				CLANG_CXX_LANGUAGE_STANDARD = "gnu++0x";
				CLANG_ENABLE_OBJC_ARC = YES;
				CLANG_WARN__DUPLICATE_METHOD_MATCH = YES;
				"CODE_SIGN_IDENTITY[sdk=iphoneos*]" = "iPhone Developer";
				COPY_PHASE_STRIP = NO;
				GCC_C_LANGUAGE_STANDARD = gnu99;
				GCC_DYNAMIC_NO_PIC = NO;
				GCC_OPTIMIZATION_LEVEL = 0;
				GCC_PREPROCESSOR_DEFINITIONS = (
					"DEBUG=1",
					"$(inherited)",
				);
				GCC_SYMBOLS_PRIVATE_EXTERN = NO;
				GCC_VERSION = com.apple.compilers.llvm.clang.1_0;
				GCC_WARN_ABOUT_RETURN_TYPE = YES;
				GCC_WARN_UNINITIALIZED_AUTOS = YES;
				GCC_WARN_UNUSED_VARIABLE = YES;
				IPHONEOS_DEPLOYMENT_TARGET = 5.1;
				SDKROOT = iphoneos;
			};
			name = Debug;
		};
		A7BD1B4A16A6148800479672 /* Release */ = {
			isa = XCBuildConfiguration;
			buildSettings = {
				ALWAYS_SEARCH_USER_PATHS = NO;
				ARCHS = "$(ARCHS_STANDARD_32_BIT)";
				CLANG_CXX_LANGUAGE_STANDARD = "gnu++0x";
				CLANG_ENABLE_OBJC_ARC = YES;
				CLANG_WARN__DUPLICATE_METHOD_MATCH = YES;
				"CODE_SIGN_IDENTITY[sdk=iphoneos*]" = "iPhone Developer";
				COPY_PHASE_STRIP = YES;
				GCC_C_LANGUAGE_STANDARD = gnu99;
				GCC_VERSION = com.apple.compilers.llvm.clang.1_0;
				GCC_WARN_ABOUT_RETURN_TYPE = YES;
				GCC_WARN_UNINITIALIZED_AUTOS = YES;
				GCC_WARN_UNUSED_VARIABLE = YES;
				IPHONEOS_DEPLOYMENT_TARGET = 5.1;
				OTHER_CFLAGS = "-DNS_BLOCK_ASSERTIONS=1";
				SDKROOT = iphoneos;
				VALIDATE_PRODUCT = YES;
			};
			name = Release;
		};
		A7BD1B4C16A6148800479672 /* Debug */ = {
			isa = XCBuildConfiguration;
			buildSettings = {
				GCC_PRECOMPILE_PREFIX_HEADER = YES;
				GCC_PREFIX_HEADER = "local-drive-buy/local-drive-buy-Prefix.pch";
				INFOPLIST_FILE = "local-drive-buy/local-drive-buy-Info.plist";
				PRODUCT_NAME = "$(TARGET_NAME)";
				WRAPPER_EXTENSION = app;
			};
			name = Debug;
		};
		A7BD1B4D16A6148800479672 /* Release */ = {
			isa = XCBuildConfiguration;
			buildSettings = {
				GCC_PRECOMPILE_PREFIX_HEADER = YES;
				GCC_PREFIX_HEADER = "local-drive-buy/local-drive-buy-Prefix.pch";
				INFOPLIST_FILE = "local-drive-buy/local-drive-buy-Info.plist";
				PRODUCT_NAME = "$(TARGET_NAME)";
				WRAPPER_EXTENSION = app;
			};
			name = Release;
		};
		A7BD1B4F16A6148800479672 /* Debug */ = {
			isa = XCBuildConfiguration;
			buildSettings = {
				BUNDLE_LOADER = "$(BUILT_PRODUCTS_DIR)/local-drive-buy.app/local-drive-buy";
				FRAMEWORK_SEARCH_PATHS = (
					"\"$(SDKROOT)/Developer/Library/Frameworks\"",
					"\"$(DEVELOPER_LIBRARY_DIR)/Frameworks\"",
				);
				GCC_PRECOMPILE_PREFIX_HEADER = YES;
				GCC_PREFIX_HEADER = "local-drive-buy/local-drive-buy-Prefix.pch";
				INFOPLIST_FILE = "local-drive-buyTests/local-drive-buyTests-Info.plist";
				PRODUCT_NAME = "$(TARGET_NAME)";
				TEST_HOST = "$(BUNDLE_LOADER)";
				WRAPPER_EXTENSION = octest;
			};
			name = Debug;
		};
		A7BD1B5016A6148800479672 /* Release */ = {
			isa = XCBuildConfiguration;
			buildSettings = {
				BUNDLE_LOADER = "$(BUILT_PRODUCTS_DIR)/local-drive-buy.app/local-drive-buy";
				FRAMEWORK_SEARCH_PATHS = (
					"\"$(SDKROOT)/Developer/Library/Frameworks\"",
					"\"$(DEVELOPER_LIBRARY_DIR)/Frameworks\"",
				);
				GCC_PRECOMPILE_PREFIX_HEADER = YES;
				GCC_PREFIX_HEADER = "local-drive-buy/local-drive-buy-Prefix.pch";
				INFOPLIST_FILE = "local-drive-buyTests/local-drive-buyTests-Info.plist";
				PRODUCT_NAME = "$(TARGET_NAME)";
				TEST_HOST = "$(BUNDLE_LOADER)";
				WRAPPER_EXTENSION = octest;
			};
			name = Release;
		};
/* End XCBuildConfiguration section */

/* Begin XCConfigurationList section */
		A7BD1B0716A6148700479672 /* Build configuration list for PBXProject "local-drive-buy" */ = {
			isa = XCConfigurationList;
			buildConfigurations = (
				A7BD1B4916A6148800479672 /* Debug */,
				A7BD1B4A16A6148800479672 /* Release */,
			);
			defaultConfigurationIsVisible = 0;
			defaultConfigurationName = Release;
		};
		A7BD1B4B16A6148800479672 /* Build configuration list for PBXNativeTarget "local-drive-buy" */ = {
			isa = XCConfigurationList;
			buildConfigurations = (
				A7BD1B4C16A6148800479672 /* Debug */,
				A7BD1B4D16A6148800479672 /* Release */,
			);
			defaultConfigurationIsVisible = 0;
		};
		A7BD1B4E16A6148800479672 /* Build configuration list for PBXNativeTarget "local-drive-buyTests" */ = {
			isa = XCConfigurationList;
			buildConfigurations = (
				A7BD1B4F16A6148800479672 /* Debug */,
				A7BD1B5016A6148800479672 /* Release */,
			);
			defaultConfigurationIsVisible = 0;
		};
/* End XCConfigurationList section */
	};
	rootObject = A7BD1B0416A6148700479672 /* Project object */;
}
